// !$*UTF8*$!
{
	archiveVersion = 1;
	classes = {
	};
	objectVersion = 46;
	objects = {

/* Begin PBXBuildFile section */
		4F0754D516911CAA00C28E63 /* HomeViewController.m in Sources */ = {isa = PBXBuildFile; fileRef = 4F0754D316911CAA00C28E63 /* HomeViewController.m */; };
		4F0754D616911CAA00C28E63 /* HomeViewController.xib in Resources */ = {isa = PBXBuildFile; fileRef = 4F0754D416911CAA00C28E63 /* HomeViewController.xib */; };
		4F105045169F9E640099D3F7 /* HomeTableCell.xib in Resources */ = {isa = PBXBuildFile; fileRef = 4F105044169F9E640099D3F7 /* HomeTableCell.xib */; };
		4F105048169F9FCF0099D3F7 /* HomeTableCell.m in Sources */ = {isa = PBXBuildFile; fileRef = 4F105047169F9FCE0099D3F7 /* HomeTableCell.m */; };
		4F38E04B16914AC10040D089 /* Hied_icon_sepia.png in Resources */ = {isa = PBXBuildFile; fileRef = 4F38E04A16914AC10040D089 /* Hied_icon_sepia.png */; };
		4F87B0DD169E31220029557C /* blackArrow.png in Resources */ = {isa = PBXBuildFile; fileRef = 4F87B0D9169E31220029557C /* blackArrow.png */; };
		4F87B0DE169E31220029557C /* blackArrow@2x.png in Resources */ = {isa = PBXBuildFile; fileRef = 4F87B0DA169E31220029557C /* blackArrow@2x.png */; };
		4F87B0DF169E31220029557C /* blueArrow.png in Resources */ = {isa = PBXBuildFile; fileRef = 4F87B0DB169E31220029557C /* blueArrow.png */; };
		4F87B0E0169E31220029557C /* blueArrow@2x.png in Resources */ = {isa = PBXBuildFile; fileRef = 4F87B0DC169E31220029557C /* blueArrow@2x.png */; };
		4F87B0E4169E31CE0029557C /* hied_icon.png in Resources */ = {isa = PBXBuildFile; fileRef = 4F87B0E2169E317E0029557C /* hied_icon.png */; };
		4FC2A31E16781A2B00DC5D14 /* UIKit.framework in Frameworks */ = {isa = PBXBuildFile; fileRef = 4FC2A31D16781A2B00DC5D14 /* UIKit.framework */; };
		4FC2A32016781A2B00DC5D14 /* Foundation.framework in Frameworks */ = {isa = PBXBuildFile; fileRef = 4FC2A31F16781A2B00DC5D14 /* Foundation.framework */; };
		4FC2A32216781A2B00DC5D14 /* CoreGraphics.framework in Frameworks */ = {isa = PBXBuildFile; fileRef = 4FC2A32116781A2B00DC5D14 /* CoreGraphics.framework */; };
		4FC2A32816781A2B00DC5D14 /* InfoPlist.strings in Resources */ = {isa = PBXBuildFile; fileRef = 4FC2A32616781A2B00DC5D14 /* InfoPlist.strings */; };
		4FC2A32A16781A2B00DC5D14 /* main.m in Sources */ = {isa = PBXBuildFile; fileRef = 4FC2A32916781A2B00DC5D14 /* main.m */; };
		4FC2A33016781A2B00DC5D14 /* Default.png in Resources */ = {isa = PBXBuildFile; fileRef = 4FC2A32F16781A2B00DC5D14 /* Default.png */; };
		4FC2A33216781A2B00DC5D14 /* Default@2x.png in Resources */ = {isa = PBXBuildFile; fileRef = 4FC2A33116781A2B00DC5D14 /* Default@2x.png */; };
		4FC2A33416781A2B00DC5D14 /* Default-568h@2x.png in Resources */ = {isa = PBXBuildFile; fileRef = 4FC2A33316781A2B00DC5D14 /* Default-568h@2x.png */; };
		4FC2A34B16781A5B00DC5D14 /* AppDelegate.m in Sources */ = {isa = PBXBuildFile; fileRef = 4FC2A34116781A5B00DC5D14 /* AppDelegate.m */; };
		4FC2A38F16781AC500DC5D14 /* LeftViewController.m in Sources */ = {isa = PBXBuildFile; fileRef = 4FC2A37716781AC500DC5D14 /* LeftViewController.m */; };
		4FC2A39016781AC500DC5D14 /* LeftViewController.xib in Resources */ = {isa = PBXBuildFile; fileRef = 4FC2A37816781AC500DC5D14 /* LeftViewController.xib */; };
		4FC2A39316781AC500DC5D14 /* StarredViewController.m in Sources */ = {isa = PBXBuildFile; fileRef = 4FC2A37D16781AC500DC5D14 /* StarredViewController.m */; };
		4FC2A39416781AC500DC5D14 /* StarredViewController.xib in Resources */ = {isa = PBXBuildFile; fileRef = 4FC2A37E16781AC500DC5D14 /* StarredViewController.xib */; };
		4FC2A39716781AC500DC5D14 /* ProfileViewController.m in Sources */ = {isa = PBXBuildFile; fileRef = 4FC2A38316781AC500DC5D14 /* ProfileViewController.m */; };
		4FC2A39816781AC500DC5D14 /* ProfileViewController.xib in Resources */ = {isa = PBXBuildFile; fileRef = 4FC2A38416781AC500DC5D14 /* ProfileViewController.xib */; };
		4FC2A39916781AC500DC5D14 /* SettingsViewController.m in Sources */ = {isa = PBXBuildFile; fileRef = 4FC2A38616781AC500DC5D14 /* SettingsViewController.m */; };
		4FC2A39A16781AC500DC5D14 /* SettingsViewController.xib in Resources */ = {isa = PBXBuildFile; fileRef = 4FC2A38716781AC500DC5D14 /* SettingsViewController.xib */; };
		4FC2A39B16781AC500DC5D14 /* IIViewDeckController.m in Sources */ = {isa = PBXBuildFile; fileRef = 4FC2A38916781AC500DC5D14 /* IIViewDeckController.m */; };
		4FC2A39C16781AC500DC5D14 /* WrapController.m in Sources */ = {isa = PBXBuildFile; fileRef = 4FC2A38B16781AC500DC5D14 /* WrapController.m */; };
		4FC2A39D16781AC500DC5D14 /* ViewController.m in Sources */ = {isa = PBXBuildFile; fileRef = 4FC2A38D16781AC500DC5D14 /* ViewController.m */; };
		4FC2A39E16781AC500DC5D14 /* ViewController.xib in Resources */ = {isa = PBXBuildFile; fileRef = 4FC2A38E16781AC500DC5D14 /* ViewController.xib */; };
		4FC2A3A216781ADD00DC5D14 /* DejalActivityView.m in Sources */ = {isa = PBXBuildFile; fileRef = 4FC2A3A116781ADD00DC5D14 /* DejalActivityView.m */; };
		4FC2A3A616781AF700DC5D14 /* EGORefreshTableHeaderView.m in Sources */ = {isa = PBXBuildFile; fileRef = 4FC2A3A516781AF700DC5D14 /* EGORefreshTableHeaderView.m */; };
		4FC2A3B416781B0700DC5D14 /* grayArrow.png in Resources */ = {isa = PBXBuildFile; fileRef = 4FC2A3AC16781B0700DC5D14 /* grayArrow.png */; };
		4FC2A3B516781B0700DC5D14 /* grayArrow@2x.png in Resources */ = {isa = PBXBuildFile; fileRef = 4FC2A3AD16781B0700DC5D14 /* grayArrow@2x.png */; };
		4FC2A3B616781B0700DC5D14 /* whiteArrow.png in Resources */ = {isa = PBXBuildFile; fileRef = 4FC2A3AE16781B0700DC5D14 /* whiteArrow.png */; };
		4FC2A3B716781B0700DC5D14 /* whiteArrow@2x.png in Resources */ = {isa = PBXBuildFile; fileRef = 4FC2A3AF16781B0700DC5D14 /* whiteArrow@2x.png */; };
		4FC2A3B916781B4400DC5D14 /* QuartzCore.framework in Frameworks */ = {isa = PBXBuildFile; fileRef = 4FC2A3B816781B4400DC5D14 /* QuartzCore.framework */; };
		4FCE23A216AD1C7500C53F02 /* article_bg.png in Resources */ = {isa = PBXBuildFile; fileRef = 4FCE237016AD1C7500C53F02 /* article_bg.png */; };
		4FCE23A316AD1C7500C53F02 /* article_bg@2x.png in Resources */ = {isa = PBXBuildFile; fileRef = 4FCE237116AD1C7500C53F02 /* article_bg@2x.png */; };
		4FCE23A416AD1C7500C53F02 /* back_button.png in Resources */ = {isa = PBXBuildFile; fileRef = 4FCE237216AD1C7500C53F02 /* back_button.png */; };
		4FCE23A516AD1C7500C53F02 /* back_button@2x.png in Resources */ = {isa = PBXBuildFile; fileRef = 4FCE237316AD1C7500C53F02 /* back_button@2x.png */; };
		4FCE23A616AD1C7500C53F02 /* button_selected_bg.png in Resources */ = {isa = PBXBuildFile; fileRef = 4FCE237416AD1C7500C53F02 /* button_selected_bg.png */; };
		4FCE23A716AD1C7500C53F02 /* button_selected_bg@2x.png in Resources */ = {isa = PBXBuildFile; fileRef = 4FCE237516AD1C7500C53F02 /* button_selected_bg@2x.png */; };
		4FCE23A816AD1C7500C53F02 /* date_bg.png in Resources */ = {isa = PBXBuildFile; fileRef = 4FCE237616AD1C7500C53F02 /* date_bg.png */; };
		4FCE23A916AD1C7500C53F02 /* date_bg@2x.png in Resources */ = {isa = PBXBuildFile; fileRef = 4FCE237716AD1C7500C53F02 /* date_bg@2x.png */; };
		4FCE23AA16AD1C7500C53F02 /* menu_bg.png in Resources */ = {isa = PBXBuildFile; fileRef = 4FCE237816AD1C7500C53F02 /* menu_bg.png */; };
		4FCE23AB16AD1C7500C53F02 /* menu_bg@2x.png in Resources */ = {isa = PBXBuildFile; fileRef = 4FCE237916AD1C7500C53F02 /* menu_bg@2x.png */; };
		4FCE23AC16AD1C7500C53F02 /* menu_button.png in Resources */ = {isa = PBXBuildFile; fileRef = 4FCE237A16AD1C7500C53F02 /* menu_button.png */; };
		4FCE23AD16AD1C7500C53F02 /* menu_button@2x.png in Resources */ = {isa = PBXBuildFile; fileRef = 4FCE237B16AD1C7500C53F02 /* menu_button@2x.png */; };
		4FCE23AE16AD1C7500C53F02 /* menu_icon_home.png in Resources */ = {isa = PBXBuildFile; fileRef = 4FCE237C16AD1C7500C53F02 /* menu_icon_home.png */; };
		4FCE23AF16AD1C7500C53F02 /* menu_icon_home@2x.png in Resources */ = {isa = PBXBuildFile; fileRef = 4FCE237D16AD1C7500C53F02 /* menu_icon_home@2x.png */; };
		4FCE23B016AD1C7500C53F02 /* menu_icon_library.png in Resources */ = {isa = PBXBuildFile; fileRef = 4FCE237E16AD1C7500C53F02 /* menu_icon_library.png */; };
		4FCE23B116AD1C7500C53F02 /* menu_icon_library@2x.png in Resources */ = {isa = PBXBuildFile; fileRef = 4FCE237F16AD1C7500C53F02 /* menu_icon_library@2x.png */; };
		4FCE23B216AD1C7500C53F02 /* menu_icon_profile.png in Resources */ = {isa = PBXBuildFile; fileRef = 4FCE238016AD1C7500C53F02 /* menu_icon_profile.png */; };
		4FCE23B316AD1C7500C53F02 /* menu_icon_profile@2x.png in Resources */ = {isa = PBXBuildFile; fileRef = 4FCE238116AD1C7500C53F02 /* menu_icon_profile@2x.png */; };
		4FCE23B416AD1C7500C53F02 /* menu_icon_settings.png in Resources */ = {isa = PBXBuildFile; fileRef = 4FCE238216AD1C7500C53F02 /* menu_icon_settings.png */; };
		4FCE23B516AD1C7500C53F02 /* menu_icon_settings@2x.png in Resources */ = {isa = PBXBuildFile; fileRef = 4FCE238316AD1C7500C53F02 /* menu_icon_settings@2x.png */; };
		4FCE23B616AD1C7500C53F02 /* menu_icon_starred.png in Resources */ = {isa = PBXBuildFile; fileRef = 4FCE238416AD1C7500C53F02 /* menu_icon_starred.png */; };
		4FCE23B716AD1C7500C53F02 /* menu_icon_starred@2x.png in Resources */ = {isa = PBXBuildFile; fileRef = 4FCE238516AD1C7500C53F02 /* menu_icon_starred@2x.png */; };
		4FCE23B816AD1C7500C53F02 /* menu_icon_suggest.png in Resources */ = {isa = PBXBuildFile; fileRef = 4FCE238616AD1C7500C53F02 /* menu_icon_suggest.png */; };
		4FCE23B916AD1C7500C53F02 /* menu_icon_suggest@2x.png in Resources */ = {isa = PBXBuildFile; fileRef = 4FCE238716AD1C7500C53F02 /* menu_icon_suggest@2x.png */; };
		4FCE23BA16AD1C7500C53F02 /* menu_selected.png in Resources */ = {isa = PBXBuildFile; fileRef = 4FCE238816AD1C7500C53F02 /* menu_selected.png */; };
		4FCE23BB16AD1C7500C53F02 /* menu_selected@2x.png in Resources */ = {isa = PBXBuildFile; fileRef = 4FCE238916AD1C7500C53F02 /* menu_selected@2x.png */; };
		4FCE23BC16AD1C7500C53F02 /* menu_view_bg.png in Resources */ = {isa = PBXBuildFile; fileRef = 4FCE238A16AD1C7500C53F02 /* menu_view_bg.png */; };
		4FCE23BD16AD1C7500C53F02 /* menu_view_bg@2x.png in Resources */ = {isa = PBXBuildFile; fileRef = 4FCE238B16AD1C7500C53F02 /* menu_view_bg@2x.png */; };
		4FCE23BE16AD1C7500C53F02 /* notifications_button.png in Resources */ = {isa = PBXBuildFile; fileRef = 4FCE238C16AD1C7500C53F02 /* notifications_button.png */; };
		4FCE23BF16AD1C7500C53F02 /* notifications_button@2x.png in Resources */ = {isa = PBXBuildFile; fileRef = 4FCE238D16AD1C7500C53F02 /* notifications_button@2x.png */; };
		4FCE23C016AD1C7500C53F02 /* papered_bg.png in Resources */ = {isa = PBXBuildFile; fileRef = 4FCE238E16AD1C7500C53F02 /* papered_bg.png */; };
		4FCE23C116AD1C7500C53F02 /* papered_bg@2x.png in Resources */ = {isa = PBXBuildFile; fileRef = 4FCE238F16AD1C7500C53F02 /* papered_bg@2x.png */; };
		4FCE23C216AD1C7500C53F02 /* social_bg.png in Resources */ = {isa = PBXBuildFile; fileRef = 4FCE239016AD1C7500C53F02 /* social_bg.png */; };
		4FCE23C316AD1C7500C53F02 /* social_bg@2x.png in Resources */ = {isa = PBXBuildFile; fileRef = 4FCE239116AD1C7500C53F02 /* social_bg@2x.png */; };
		4FCE23C416AD1C7500C53F02 /* table_bottom_border.png in Resources */ = {isa = PBXBuildFile; fileRef = 4FCE239216AD1C7500C53F02 /* table_bottom_border.png */; };
		4FCE23C516AD1C7500C53F02 /* table_bottom_border@2x.png in Resources */ = {isa = PBXBuildFile; fileRef = 4FCE239316AD1C7500C53F02 /* table_bottom_border@2x.png */; };
		4FCE23C616AD1C7500C53F02 /* table_button_selected.png in Resources */ = {isa = PBXBuildFile; fileRef = 4FCE239416AD1C7500C53F02 /* table_button_selected.png */; };
		4FCE23C716AD1C7500C53F02 /* table_button_selected@2x.png in Resources */ = {isa = PBXBuildFile; fileRef = 4FCE239516AD1C7500C53F02 /* table_button_selected@2x.png */; };
		4FCE23C816AD1C7500C53F02 /* table_buttons.png in Resources */ = {isa = PBXBuildFile; fileRef = 4FCE239616AD1C7500C53F02 /* table_buttons.png */; };
		4FCE23C916AD1C7500C53F02 /* table_buttons@2x.png in Resources */ = {isa = PBXBuildFile; fileRef = 4FCE239716AD1C7500C53F02 /* table_buttons@2x.png */; };
		4FCE23CA16AD1C7500C53F02 /* table_go_arrow.png in Resources */ = {isa = PBXBuildFile; fileRef = 4FCE239816AD1C7500C53F02 /* table_go_arrow.png */; };
		4FCE23CB16AD1C7500C53F02 /* table_go_arrow@2x.png in Resources */ = {isa = PBXBuildFile; fileRef = 4FCE239916AD1C7500C53F02 /* table_go_arrow@2x.png */; };
		4FCE23CC16AD1C7500C53F02 /* table_top_border.png in Resources */ = {isa = PBXBuildFile; fileRef = 4FCE239A16AD1C7500C53F02 /* table_top_border.png */; };
		4FCE23CD16AD1C7500C53F02 /* table_top_border@2x.png in Resources */ = {isa = PBXBuildFile; fileRef = 4FCE239B16AD1C7500C53F02 /* table_top_border@2x.png */; };
		4FCE23CE16AD1C7500C53F02 /* top_nav.png in Resources */ = {isa = PBXBuildFile; fileRef = 4FCE239C16AD1C7500C53F02 /* top_nav.png */; };
		4FCE23CF16AD1C7500C53F02 /* top_nav@2x.png in Resources */ = {isa = PBXBuildFile; fileRef = 4FCE239D16AD1C7500C53F02 /* top_nav@2x.png */; };
		4FCE23D016AD1C7500C53F02 /* topic_bg.png in Resources */ = {isa = PBXBuildFile; fileRef = 4FCE239E16AD1C7500C53F02 /* topic_bg.png */; };
		4FCE23D116AD1C7500C53F02 /* topic_bg@2x.png in Resources */ = {isa = PBXBuildFile; fileRef = 4FCE239F16AD1C7500C53F02 /* topic_bg@2x.png */; };
		4FCE23D216AD1C7500C53F02 /* unread_indicator.png in Resources */ = {isa = PBXBuildFile; fileRef = 4FCE23A016AD1C7500C53F02 /* unread_indicator.png */; };
		4FCE23D316AD1C7500C53F02 /* unread_indicator@2x.png in Resources */ = {isa = PBXBuildFile; fileRef = 4FCE23A116AD1C7500C53F02 /* unread_indicator@2x.png */; };
		4FD60C7916A1EBF90033074D /* einstein.png in Resources */ = {isa = PBXBuildFile; fileRef = 4FD60C7816A1EBF90033074D /* einstein.png */; };
		4FDEED8416829F510019DE39 /* ScrollViewViewController.m in Sources */ = {isa = PBXBuildFile; fileRef = 4FDEED8216829F510019DE39 /* ScrollViewViewController.m */; };
		4FDEED8516829F510019DE39 /* ScrollViewViewController.xib in Resources */ = {isa = PBXBuildFile; fileRef = 4FDEED8316829F510019DE39 /* ScrollViewViewController.xib */; };
		4FF3D600168E8BEE006D6D65 /* WebViewController.m in Sources */ = {isa = PBXBuildFile; fileRef = 4FF3D5FE168E8BEE006D6D65 /* WebViewController.m */; };
		4FF3D601168E8BEE006D6D65 /* WebViewController.xib in Resources */ = {isa = PBXBuildFile; fileRef = 4FF3D5FF168E8BEE006D6D65 /* WebViewController.xib */; };
		4FF979EB1688F88E00DAD71F /* LibraryViewController.m in Sources */ = {isa = PBXBuildFile; fileRef = 4FF979E91688F88E00DAD71F /* LibraryViewController.m */; };
		4FF979EC1688F88E00DAD71F /* LibraryViewController.xib in Resources */ = {isa = PBXBuildFile; fileRef = 4FF979EA1688F88E00DAD71F /* LibraryViewController.xib */; };
/* End PBXBuildFile section */

/* Begin PBXFileReference section */
		4F0754D216911CAA00C28E63 /* HomeViewController.h */ = {isa = PBXFileReference; fileEncoding = 4; lastKnownFileType = sourcecode.c.h; name = HomeViewController.h; path = ../HomeViewController.h; sourceTree = "<group>"; };
		4F0754D316911CAA00C28E63 /* HomeViewController.m */ = {isa = PBXFileReference; fileEncoding = 4; lastKnownFileType = sourcecode.c.objc; name = HomeViewController.m; path = ../HomeViewController.m; sourceTree = "<group>"; };
		4F0754D416911CAA00C28E63 /* HomeViewController.xib */ = {isa = PBXFileReference; fileEncoding = 4; lastKnownFileType = file.xib; name = HomeViewController.xib; path = ../HomeViewController.xib; sourceTree = "<group>"; };
		4F105044169F9E640099D3F7 /* HomeTableCell.xib */ = {isa = PBXFileReference; fileEncoding = 4; lastKnownFileType = file.xib; name = HomeTableCell.xib; path = HIED/HomeTableCell.xib; sourceTree = SOURCE_ROOT; };
		4F105046169F9FCE0099D3F7 /* HomeTableCell.h */ = {isa = PBXFileReference; fileEncoding = 4; lastKnownFileType = sourcecode.c.h; name = HomeTableCell.h; path = HIED/HomeTableCell.h; sourceTree = SOURCE_ROOT; };
		4F105047169F9FCE0099D3F7 /* HomeTableCell.m */ = {isa = PBXFileReference; fileEncoding = 4; lastKnownFileType = sourcecode.c.objc; name = HomeTableCell.m; path = HIED/HomeTableCell.m; sourceTree = SOURCE_ROOT; };
		4F38E04A16914AC10040D089 /* Hied_icon_sepia.png */ = {isa = PBXFileReference; lastKnownFileType = image.png; path = Hied_icon_sepia.png; sourceTree = "<group>"; };
		4F87B0D9169E31220029557C /* blackArrow.png */ = {isa = PBXFileReference; lastKnownFileType = image.png; path = blackArrow.png; sourceTree = "<group>"; };
		4F87B0DA169E31220029557C /* blackArrow@2x.png */ = {isa = PBXFileReference; lastKnownFileType = image.png; path = "blackArrow@2x.png"; sourceTree = "<group>"; };
		4F87B0DB169E31220029557C /* blueArrow.png */ = {isa = PBXFileReference; lastKnownFileType = image.png; path = blueArrow.png; sourceTree = "<group>"; };
		4F87B0DC169E31220029557C /* blueArrow@2x.png */ = {isa = PBXFileReference; lastKnownFileType = image.png; path = "blueArrow@2x.png"; sourceTree = "<group>"; };
		4F87B0E2169E317E0029557C /* hied_icon.png */ = {isa = PBXFileReference; lastKnownFileType = image.png; path = hied_icon.png; sourceTree = "<group>"; };
		4FC2A31916781A2B00DC5D14 /* Hied.app */ = {isa = PBXFileReference; explicitFileType = wrapper.application; includeInIndex = 0; path = Hied.app; sourceTree = BUILT_PRODUCTS_DIR; };
		4FC2A31D16781A2B00DC5D14 /* UIKit.framework */ = {isa = PBXFileReference; lastKnownFileType = wrapper.framework; name = UIKit.framework; path = System/Library/Frameworks/UIKit.framework; sourceTree = SDKROOT; };
		4FC2A31F16781A2B00DC5D14 /* Foundation.framework */ = {isa = PBXFileReference; lastKnownFileType = wrapper.framework; name = Foundation.framework; path = System/Library/Frameworks/Foundation.framework; sourceTree = SDKROOT; };
		4FC2A32116781A2B00DC5D14 /* CoreGraphics.framework */ = {isa = PBXFileReference; lastKnownFileType = wrapper.framework; name = CoreGraphics.framework; path = System/Library/Frameworks/CoreGraphics.framework; sourceTree = SDKROOT; };
		4FC2A32516781A2B00DC5D14 /* Hied-Info.plist */ = {isa = PBXFileReference; lastKnownFileType = text.plist.xml; path = "Hied-Info.plist"; sourceTree = "<group>"; };
		4FC2A32716781A2B00DC5D14 /* en */ = {isa = PBXFileReference; lastKnownFileType = text.plist.strings; name = en; path = en.lproj/InfoPlist.strings; sourceTree = "<group>"; };
		4FC2A32916781A2B00DC5D14 /* main.m */ = {isa = PBXFileReference; lastKnownFileType = sourcecode.c.objc; path = main.m; sourceTree = "<group>"; };
		4FC2A32B16781A2B00DC5D14 /* Hied-Prefix.pch */ = {isa = PBXFileReference; lastKnownFileType = sourcecode.c.h; path = "Hied-Prefix.pch"; sourceTree = "<group>"; };
		4FC2A32F16781A2B00DC5D14 /* Default.png */ = {isa = PBXFileReference; lastKnownFileType = image.png; path = Default.png; sourceTree = "<group>"; };
		4FC2A33116781A2B00DC5D14 /* Default@2x.png */ = {isa = PBXFileReference; lastKnownFileType = image.png; path = "Default@2x.png"; sourceTree = "<group>"; };
		4FC2A33316781A2B00DC5D14 /* Default-568h@2x.png */ = {isa = PBXFileReference; lastKnownFileType = image.png; path = "Default-568h@2x.png"; sourceTree = "<group>"; };
		4FC2A34016781A5B00DC5D14 /* AppDelegate.h */ = {isa = PBXFileReference; fileEncoding = 4; lastKnownFileType = sourcecode.c.h; path = AppDelegate.h; sourceTree = "<group>"; };
		4FC2A34116781A5B00DC5D14 /* AppDelegate.m */ = {isa = PBXFileReference; fileEncoding = 4; lastKnownFileType = sourcecode.c.objc; path = AppDelegate.m; sourceTree = "<group>"; };
		4FC2A37616781AC500DC5D14 /* LeftViewController.h */ = {isa = PBXFileReference; fileEncoding = 4; lastKnownFileType = sourcecode.c.h; path = LeftViewController.h; sourceTree = "<group>"; };
		4FC2A37716781AC500DC5D14 /* LeftViewController.m */ = {isa = PBXFileReference; fileEncoding = 4; lastKnownFileType = sourcecode.c.objc; path = LeftViewController.m; sourceTree = "<group>"; };
		4FC2A37816781AC500DC5D14 /* LeftViewController.xib */ = {isa = PBXFileReference; fileEncoding = 4; lastKnownFileType = file.xib; path = LeftViewController.xib; sourceTree = "<group>"; };
		4FC2A37C16781AC500DC5D14 /* StarredViewController.h */ = {isa = PBXFileReference; fileEncoding = 4; lastKnownFileType = sourcecode.c.h; path = StarredViewController.h; sourceTree = "<group>"; };
		4FC2A37D16781AC500DC5D14 /* StarredViewController.m */ = {isa = PBXFileReference; fileEncoding = 4; lastKnownFileType = sourcecode.c.objc; path = StarredViewController.m; sourceTree = "<group>"; };
		4FC2A37E16781AC500DC5D14 /* StarredViewController.xib */ = {isa = PBXFileReference; fileEncoding = 4; lastKnownFileType = file.xib; path = StarredViewController.xib; sourceTree = "<group>"; };
		4FC2A38216781AC500DC5D14 /* ProfileViewController.h */ = {isa = PBXFileReference; fileEncoding = 4; lastKnownFileType = sourcecode.c.h; path = ProfileViewController.h; sourceTree = "<group>"; };
		4FC2A38316781AC500DC5D14 /* ProfileViewController.m */ = {isa = PBXFileReference; fileEncoding = 4; lastKnownFileType = sourcecode.c.objc; path = ProfileViewController.m; sourceTree = "<group>"; };
		4FC2A38416781AC500DC5D14 /* ProfileViewController.xib */ = {isa = PBXFileReference; fileEncoding = 4; lastKnownFileType = file.xib; path = ProfileViewController.xib; sourceTree = "<group>"; };
		4FC2A38516781AC500DC5D14 /* SettingsViewController.h */ = {isa = PBXFileReference; fileEncoding = 4; lastKnownFileType = sourcecode.c.h; path = SettingsViewController.h; sourceTree = "<group>"; };
		4FC2A38616781AC500DC5D14 /* SettingsViewController.m */ = {isa = PBXFileReference; fileEncoding = 4; lastKnownFileType = sourcecode.c.objc; path = SettingsViewController.m; sourceTree = "<group>"; };
		4FC2A38716781AC500DC5D14 /* SettingsViewController.xib */ = {isa = PBXFileReference; fileEncoding = 4; lastKnownFileType = file.xib; path = SettingsViewController.xib; sourceTree = "<group>"; };
		4FC2A38816781AC500DC5D14 /* IIViewDeckController.h */ = {isa = PBXFileReference; fileEncoding = 4; lastKnownFileType = sourcecode.c.h; path = IIViewDeckController.h; sourceTree = "<group>"; };
		4FC2A38916781AC500DC5D14 /* IIViewDeckController.m */ = {isa = PBXFileReference; fileEncoding = 4; lastKnownFileType = sourcecode.c.objc; path = IIViewDeckController.m; sourceTree = "<group>"; };
		4FC2A38A16781AC500DC5D14 /* WrapController.h */ = {isa = PBXFileReference; fileEncoding = 4; lastKnownFileType = sourcecode.c.h; path = WrapController.h; sourceTree = "<group>"; };
		4FC2A38B16781AC500DC5D14 /* WrapController.m */ = {isa = PBXFileReference; fileEncoding = 4; lastKnownFileType = sourcecode.c.objc; path = WrapController.m; sourceTree = "<group>"; };
		4FC2A38C16781AC500DC5D14 /* ViewController.h */ = {isa = PBXFileReference; fileEncoding = 4; lastKnownFileType = sourcecode.c.h; path = ViewController.h; sourceTree = "<group>"; };
		4FC2A38D16781AC500DC5D14 /* ViewController.m */ = {isa = PBXFileReference; fileEncoding = 4; lastKnownFileType = sourcecode.c.objc; path = ViewController.m; sourceTree = "<group>"; };
		4FC2A38E16781AC500DC5D14 /* ViewController.xib */ = {isa = PBXFileReference; fileEncoding = 4; lastKnownFileType = file.xib; path = ViewController.xib; sourceTree = "<group>"; };
		4FC2A3A016781ADD00DC5D14 /* DejalActivityView.h */ = {isa = PBXFileReference; fileEncoding = 4; lastKnownFileType = sourcecode.c.h; path = DejalActivityView.h; sourceTree = "<group>"; };
		4FC2A3A116781ADD00DC5D14 /* DejalActivityView.m */ = {isa = PBXFileReference; fileEncoding = 4; lastKnownFileType = sourcecode.c.objc; path = DejalActivityView.m; sourceTree = "<group>"; };
		4FC2A3A416781AF700DC5D14 /* EGORefreshTableHeaderView.h */ = {isa = PBXFileReference; fileEncoding = 4; lastKnownFileType = sourcecode.c.h; path = EGORefreshTableHeaderView.h; sourceTree = "<group>"; };
		4FC2A3A516781AF700DC5D14 /* EGORefreshTableHeaderView.m */ = {isa = PBXFileReference; fileEncoding = 4; lastKnownFileType = sourcecode.c.objc; path = EGORefreshTableHeaderView.m; sourceTree = "<group>"; };
		4FC2A3AC16781B0700DC5D14 /* grayArrow.png */ = {isa = PBXFileReference; lastKnownFileType = image.png; path = grayArrow.png; sourceTree = "<group>"; };
		4FC2A3AD16781B0700DC5D14 /* grayArrow@2x.png */ = {isa = PBXFileReference; lastKnownFileType = image.png; path = "grayArrow@2x.png"; sourceTree = "<group>"; };
		4FC2A3AE16781B0700DC5D14 /* whiteArrow.png */ = {isa = PBXFileReference; lastKnownFileType = image.png; path = whiteArrow.png; sourceTree = "<group>"; };
		4FC2A3AF16781B0700DC5D14 /* whiteArrow@2x.png */ = {isa = PBXFileReference; lastKnownFileType = image.png; path = "whiteArrow@2x.png"; sourceTree = "<group>"; };
		4FC2A3B816781B4400DC5D14 /* QuartzCore.framework */ = {isa = PBXFileReference; lastKnownFileType = wrapper.framework; name = QuartzCore.framework; path = System/Library/Frameworks/QuartzCore.framework; sourceTree = SDKROOT; };
		4FCE237016AD1C7500C53F02 /* article_bg.png */ = {isa = PBXFileReference; lastKnownFileType = image.png; path = article_bg.png; sourceTree = "<group>"; };
		4FCE237116AD1C7500C53F02 /* article_bg@2x.png */ = {isa = PBXFileReference; lastKnownFileType = image.png; path = "article_bg@2x.png"; sourceTree = "<group>"; };
		4FCE237216AD1C7500C53F02 /* back_button.png */ = {isa = PBXFileReference; lastKnownFileType = image.png; path = back_button.png; sourceTree = "<group>"; };
		4FCE237316AD1C7500C53F02 /* back_button@2x.png */ = {isa = PBXFileReference; lastKnownFileType = image.png; path = "back_button@2x.png"; sourceTree = "<group>"; };
		4FCE237416AD1C7500C53F02 /* button_selected_bg.png */ = {isa = PBXFileReference; lastKnownFileType = image.png; path = button_selected_bg.png; sourceTree = "<group>"; };
		4FCE237516AD1C7500C53F02 /* button_selected_bg@2x.png */ = {isa = PBXFileReference; lastKnownFileType = image.png; path = "button_selected_bg@2x.png"; sourceTree = "<group>"; };
		4FCE237616AD1C7500C53F02 /* date_bg.png */ = {isa = PBXFileReference; lastKnownFileType = image.png; path = date_bg.png; sourceTree = "<group>"; };
		4FCE237716AD1C7500C53F02 /* date_bg@2x.png */ = {isa = PBXFileReference; lastKnownFileType = image.png; path = "date_bg@2x.png"; sourceTree = "<group>"; };
		4FCE237816AD1C7500C53F02 /* menu_bg.png */ = {isa = PBXFileReference; lastKnownFileType = image.png; path = menu_bg.png; sourceTree = "<group>"; };
		4FCE237916AD1C7500C53F02 /* menu_bg@2x.png */ = {isa = PBXFileReference; lastKnownFileType = image.png; path = "menu_bg@2x.png"; sourceTree = "<group>"; };
		4FCE237A16AD1C7500C53F02 /* menu_button.png */ = {isa = PBXFileReference; lastKnownFileType = image.png; path = menu_button.png; sourceTree = "<group>"; };
		4FCE237B16AD1C7500C53F02 /* menu_button@2x.png */ = {isa = PBXFileReference; lastKnownFileType = image.png; path = "menu_button@2x.png"; sourceTree = "<group>"; };
		4FCE237C16AD1C7500C53F02 /* menu_icon_home.png */ = {isa = PBXFileReference; lastKnownFileType = image.png; path = menu_icon_home.png; sourceTree = "<group>"; };
		4FCE237D16AD1C7500C53F02 /* menu_icon_home@2x.png */ = {isa = PBXFileReference; lastKnownFileType = image.png; path = "menu_icon_home@2x.png"; sourceTree = "<group>"; };
		4FCE237E16AD1C7500C53F02 /* menu_icon_library.png */ = {isa = PBXFileReference; lastKnownFileType = image.png; path = menu_icon_library.png; sourceTree = "<group>"; };
		4FCE237F16AD1C7500C53F02 /* menu_icon_library@2x.png */ = {isa = PBXFileReference; lastKnownFileType = image.png; path = "menu_icon_library@2x.png"; sourceTree = "<group>"; };
		4FCE238016AD1C7500C53F02 /* menu_icon_profile.png */ = {isa = PBXFileReference; lastKnownFileType = image.png; path = menu_icon_profile.png; sourceTree = "<group>"; };
		4FCE238116AD1C7500C53F02 /* menu_icon_profile@2x.png */ = {isa = PBXFileReference; lastKnownFileType = image.png; path = "menu_icon_profile@2x.png"; sourceTree = "<group>"; };
		4FCE238216AD1C7500C53F02 /* menu_icon_settings.png */ = {isa = PBXFileReference; lastKnownFileType = image.png; path = menu_icon_settings.png; sourceTree = "<group>"; };
		4FCE238316AD1C7500C53F02 /* menu_icon_settings@2x.png */ = {isa = PBXFileReference; lastKnownFileType = image.png; path = "menu_icon_settings@2x.png"; sourceTree = "<group>"; };
		4FCE238416AD1C7500C53F02 /* menu_icon_starred.png */ = {isa = PBXFileReference; lastKnownFileType = image.png; path = menu_icon_starred.png; sourceTree = "<group>"; };
		4FCE238516AD1C7500C53F02 /* menu_icon_starred@2x.png */ = {isa = PBXFileReference; lastKnownFileType = image.png; path = "menu_icon_starred@2x.png"; sourceTree = "<group>"; };
		4FCE238616AD1C7500C53F02 /* menu_icon_suggest.png */ = {isa = PBXFileReference; lastKnownFileType = image.png; path = menu_icon_suggest.png; sourceTree = "<group>"; };
		4FCE238716AD1C7500C53F02 /* menu_icon_suggest@2x.png */ = {isa = PBXFileReference; lastKnownFileType = image.png; path = "menu_icon_suggest@2x.png"; sourceTree = "<group>"; };
		4FCE238816AD1C7500C53F02 /* menu_selected.png */ = {isa = PBXFileReference; lastKnownFileType = image.png; path = menu_selected.png; sourceTree = "<group>"; };
		4FCE238916AD1C7500C53F02 /* menu_selected@2x.png */ = {isa = PBXFileReference; lastKnownFileType = image.png; path = "menu_selected@2x.png"; sourceTree = "<group>"; };
		4FCE238A16AD1C7500C53F02 /* menu_view_bg.png */ = {isa = PBXFileReference; lastKnownFileType = image.png; path = menu_view_bg.png; sourceTree = "<group>"; };
		4FCE238B16AD1C7500C53F02 /* menu_view_bg@2x.png */ = {isa = PBXFileReference; lastKnownFileType = image.png; path = "menu_view_bg@2x.png"; sourceTree = "<group>"; };
		4FCE238C16AD1C7500C53F02 /* notifications_button.png */ = {isa = PBXFileReference; lastKnownFileType = image.png; path = notifications_button.png; sourceTree = "<group>"; };
		4FCE238D16AD1C7500C53F02 /* notifications_button@2x.png */ = {isa = PBXFileReference; lastKnownFileType = image.png; path = "notifications_button@2x.png"; sourceTree = "<group>"; };
		4FCE238E16AD1C7500C53F02 /* papered_bg.png */ = {isa = PBXFileReference; lastKnownFileType = image.png; path = papered_bg.png; sourceTree = "<group>"; };
		4FCE238F16AD1C7500C53F02 /* papered_bg@2x.png */ = {isa = PBXFileReference; lastKnownFileType = image.png; path = "papered_bg@2x.png"; sourceTree = "<group>"; };
		4FCE239016AD1C7500C53F02 /* social_bg.png */ = {isa = PBXFileReference; lastKnownFileType = image.png; path = social_bg.png; sourceTree = "<group>"; };
		4FCE239116AD1C7500C53F02 /* social_bg@2x.png */ = {isa = PBXFileReference; lastKnownFileType = image.png; path = "social_bg@2x.png"; sourceTree = "<group>"; };
		4FCE239216AD1C7500C53F02 /* table_bottom_border.png */ = {isa = PBXFileReference; lastKnownFileType = image.png; path = table_bottom_border.png; sourceTree = "<group>"; };
		4FCE239316AD1C7500C53F02 /* table_bottom_border@2x.png */ = {isa = PBXFileReference; lastKnownFileType = image.png; path = "table_bottom_border@2x.png"; sourceTree = "<group>"; };
		4FCE239416AD1C7500C53F02 /* table_button_selected.png */ = {isa = PBXFileReference; lastKnownFileType = image.png; path = table_button_selected.png; sourceTree = "<group>"; };
		4FCE239516AD1C7500C53F02 /* table_button_selected@2x.png */ = {isa = PBXFileReference; lastKnownFileType = image.png; path = "table_button_selected@2x.png"; sourceTree = "<group>"; };
		4FCE239616AD1C7500C53F02 /* table_buttons.png */ = {isa = PBXFileReference; lastKnownFileType = image.png; path = table_buttons.png; sourceTree = "<group>"; };
		4FCE239716AD1C7500C53F02 /* table_buttons@2x.png */ = {isa = PBXFileReference; lastKnownFileType = image.png; path = "table_buttons@2x.png"; sourceTree = "<group>"; };
		4FCE239816AD1C7500C53F02 /* table_go_arrow.png */ = {isa = PBXFileReference; lastKnownFileType = image.png; path = table_go_arrow.png; sourceTree = "<group>"; };
		4FCE239916AD1C7500C53F02 /* table_go_arrow@2x.png */ = {isa = PBXFileReference; lastKnownFileType = image.png; path = "table_go_arrow@2x.png"; sourceTree = "<group>"; };
		4FCE239A16AD1C7500C53F02 /* table_top_border.png */ = {isa = PBXFileReference; lastKnownFileType = image.png; path = table_top_border.png; sourceTree = "<group>"; };
		4FCE239B16AD1C7500C53F02 /* table_top_border@2x.png */ = {isa = PBXFileReference; lastKnownFileType = image.png; path = "table_top_border@2x.png"; sourceTree = "<group>"; };
		4FCE239C16AD1C7500C53F02 /* top_nav.png */ = {isa = PBXFileReference; lastKnownFileType = image.png; path = top_nav.png; sourceTree = "<group>"; };
		4FCE239D16AD1C7500C53F02 /* top_nav@2x.png */ = {isa = PBXFileReference; lastKnownFileType = image.png; path = "top_nav@2x.png"; sourceTree = "<group>"; };
		4FCE239E16AD1C7500C53F02 /* topic_bg.png */ = {isa = PBXFileReference; lastKnownFileType = image.png; path = topic_bg.png; sourceTree = "<group>"; };
		4FCE239F16AD1C7500C53F02 /* topic_bg@2x.png */ = {isa = PBXFileReference; lastKnownFileType = image.png; path = "topic_bg@2x.png"; sourceTree = "<group>"; };
		4FCE23A016AD1C7500C53F02 /* unread_indicator.png */ = {isa = PBXFileReference; lastKnownFileType = image.png; path = unread_indicator.png; sourceTree = "<group>"; };
		4FCE23A116AD1C7500C53F02 /* unread_indicator@2x.png */ = {isa = PBXFileReference; lastKnownFileType = image.png; path = "unread_indicator@2x.png"; sourceTree = "<group>"; };
		4FD60C7816A1EBF90033074D /* einstein.png */ = {isa = PBXFileReference; lastKnownFileType = image.png; path = einstein.png; sourceTree = "<group>"; };
		4FDEED8116829F510019DE39 /* ScrollViewViewController.h */ = {isa = PBXFileReference; fileEncoding = 4; lastKnownFileType = sourcecode.c.h; path = ScrollViewViewController.h; sourceTree = "<group>"; };
		4FDEED8216829F510019DE39 /* ScrollViewViewController.m */ = {isa = PBXFileReference; fileEncoding = 4; lastKnownFileType = sourcecode.c.objc; path = ScrollViewViewController.m; sourceTree = "<group>"; };
		4FDEED8316829F510019DE39 /* ScrollViewViewController.xib */ = {isa = PBXFileReference; fileEncoding = 4; lastKnownFileType = file.xib; path = ScrollViewViewController.xib; sourceTree = "<group>"; };
		4FF3D5FD168E8BEE006D6D65 /* WebViewController.h */ = {isa = PBXFileReference; fileEncoding = 4; lastKnownFileType = sourcecode.c.h; path = WebViewController.h; sourceTree = "<group>"; };
		4FF3D5FE168E8BEE006D6D65 /* WebViewController.m */ = {isa = PBXFileReference; fileEncoding = 4; lastKnownFileType = sourcecode.c.objc; path = WebViewController.m; sourceTree = "<group>"; };
		4FF3D5FF168E8BEE006D6D65 /* WebViewController.xib */ = {isa = PBXFileReference; fileEncoding = 4; lastKnownFileType = file.xib; path = WebViewController.xib; sourceTree = "<group>"; };
		4FF979E81688F88D00DAD71F /* LibraryViewController.h */ = {isa = PBXFileReference; fileEncoding = 4; lastKnownFileType = sourcecode.c.h; name = LibraryViewController.h; path = ../LibraryViewController.h; sourceTree = "<group>"; };
		4FF979E91688F88E00DAD71F /* LibraryViewController.m */ = {isa = PBXFileReference; fileEncoding = 4; lastKnownFileType = sourcecode.c.objc; name = LibraryViewController.m; path = ../LibraryViewController.m; sourceTree = "<group>"; };
		4FF979EA1688F88E00DAD71F /* LibraryViewController.xib */ = {isa = PBXFileReference; fileEncoding = 4; lastKnownFileType = file.xib; name = LibraryViewController.xib; path = ../LibraryViewController.xib; sourceTree = "<group>"; };
/* End PBXFileReference section */

/* Begin PBXFrameworksBuildPhase section */
		4FC2A31616781A2B00DC5D14 /* Frameworks */ = {
			isa = PBXFrameworksBuildPhase;
			buildActionMask = 2147483647;
			files = (
				4FC2A3B916781B4400DC5D14 /* QuartzCore.framework in Frameworks */,
				4FC2A31E16781A2B00DC5D14 /* UIKit.framework in Frameworks */,
				4FC2A32016781A2B00DC5D14 /* Foundation.framework in Frameworks */,
				4FC2A32216781A2B00DC5D14 /* CoreGraphics.framework in Frameworks */,
			);
			runOnlyForDeploymentPostprocessing = 0;
		};
/* End PBXFrameworksBuildPhase section */

/* Begin PBXGroup section */
		4F87B0E1169E31560029557C /* App Icon */ = {
			isa = PBXGroup;
			children = (
				4F38E04A16914AC10040D089 /* Hied_icon_sepia.png */,
				4F87B0E2169E317E0029557C /* hied_icon.png */,
			);
			name = "App Icon";
			sourceTree = "<group>";
		};
		4FA59D08169F8A2100BCDC95 /* Placeholders */ = {
			isa = PBXGroup;
			children = (
				4FF3D5FD168E8BEE006D6D65 /* WebViewController.h */,
				4FF3D5FE168E8BEE006D6D65 /* WebViewController.m */,
				4FF3D5FF168E8BEE006D6D65 /* WebViewController.xib */,
				4FC2A37C16781AC500DC5D14 /* StarredViewController.h */,
				4FC2A37D16781AC500DC5D14 /* StarredViewController.m */,
				4FC2A37E16781AC500DC5D14 /* StarredViewController.xib */,
				4FC2A38516781AC500DC5D14 /* SettingsViewController.h */,
				4FC2A38616781AC500DC5D14 /* SettingsViewController.m */,
				4FC2A38716781AC500DC5D14 /* SettingsViewController.xib */,
				4FC2A38216781AC500DC5D14 /* ProfileViewController.h */,
				4FC2A38316781AC500DC5D14 /* ProfileViewController.m */,
				4FC2A38416781AC500DC5D14 /* ProfileViewController.xib */,
			);
			name = Placeholders;
			sourceTree = "<group>";
		};
		4FC2A30E16781A2B00DC5D14 = {
			isa = PBXGroup;
			children = (
				4FC2A35216781A9600DC5D14 /* Always Updated UI Elements */,
				4FF0F30816ACA9BC00F6E9EB /* Light */,
				4FD60C7616A1EBE50033074D /* shit */,
				4FA59D08169F8A2100BCDC95 /* Placeholders */,
				4F87B0E1169E31560029557C /* App Icon */,
				4FC2A3A316781AE800DC5D14 /* EGOPullToRefresh */,
				4FC2A39F16781AD300DC5D14 /* DejalActivityView */,
				4FC2A37516781AAB00DC5D14 /* ViewDeck */,
				4FC2A32316781A2B00DC5D14 /* Hied */,
				4FC2A31C16781A2B00DC5D14 /* Frameworks */,
				4FC2A31A16781A2B00DC5D14 /* Products */,
			);
			sourceTree = "<group>";
		};
		4FC2A31A16781A2B00DC5D14 /* Products */ = {
			isa = PBXGroup;
			children = (
				4FC2A31916781A2B00DC5D14 /* Hied.app */,
			);
			name = Products;
			sourceTree = "<group>";
		};
		4FC2A31C16781A2B00DC5D14 /* Frameworks */ = {
			isa = PBXGroup;
			children = (
				4FC2A3B816781B4400DC5D14 /* QuartzCore.framework */,
				4FC2A31D16781A2B00DC5D14 /* UIKit.framework */,
				4FC2A31F16781A2B00DC5D14 /* Foundation.framework */,
				4FC2A32116781A2B00DC5D14 /* CoreGraphics.framework */,
			);
			name = Frameworks;
			sourceTree = "<group>";
		};
		4FC2A32316781A2B00DC5D14 /* Hied */ = {
			isa = PBXGroup;
			children = (
				4FC2A34016781A5B00DC5D14 /* AppDelegate.h */,
				4FC2A34116781A5B00DC5D14 /* AppDelegate.m */,
				4F0754D216911CAA00C28E63 /* HomeViewController.h */,
				4F0754D316911CAA00C28E63 /* HomeViewController.m */,
				4F0754D416911CAA00C28E63 /* HomeViewController.xib */,
				4F105046169F9FCE0099D3F7 /* HomeTableCell.h */,
				4F105047169F9FCE0099D3F7 /* HomeTableCell.m */,
				4F105044169F9E640099D3F7 /* HomeTableCell.xib */,
				4FF979E81688F88D00DAD71F /* LibraryViewController.h */,
				4FF979E91688F88E00DAD71F /* LibraryViewController.m */,
				4FF979EA1688F88E00DAD71F /* LibraryViewController.xib */,
				4FDEED8116829F510019DE39 /* ScrollViewViewController.h */,
				4FDEED8216829F510019DE39 /* ScrollViewViewController.m */,
				4FDEED8316829F510019DE39 /* ScrollViewViewController.xib */,
				4FC2A32416781A2B00DC5D14 /* Supporting Files */,
			);
			path = Hied;
			sourceTree = "<group>";
		};
		4FC2A32416781A2B00DC5D14 /* Supporting Files */ = {
			isa = PBXGroup;
			children = (
				4FC2A32516781A2B00DC5D14 /* Hied-Info.plist */,
				4FC2A32616781A2B00DC5D14 /* InfoPlist.strings */,
				4FC2A32916781A2B00DC5D14 /* main.m */,
				4FC2A32B16781A2B00DC5D14 /* Hied-Prefix.pch */,
				4FC2A32F16781A2B00DC5D14 /* Default.png */,
				4FC2A33116781A2B00DC5D14 /* Default@2x.png */,
				4FC2A33316781A2B00DC5D14 /* Default-568h@2x.png */,
			);
			name = "Supporting Files";
			sourceTree = "<group>";
		};
		4FC2A35216781A9600DC5D14 /* Always Updated UI Elements */ = {
			isa = PBXGroup;
			children = (
			);
			name = "Always Updated UI Elements";
			sourceTree = "<group>";
		};
		4FC2A37516781AAB00DC5D14 /* ViewDeck */ = {
			isa = PBXGroup;
			children = (
				4FC2A37616781AC500DC5D14 /* LeftViewController.h */,
				4FC2A37716781AC500DC5D14 /* LeftViewController.m */,
				4FC2A37816781AC500DC5D14 /* LeftViewController.xib */,
				4FC2A38816781AC500DC5D14 /* IIViewDeckController.h */,
				4FC2A38916781AC500DC5D14 /* IIViewDeckController.m */,
				4FC2A38A16781AC500DC5D14 /* WrapController.h */,
				4FC2A38B16781AC500DC5D14 /* WrapController.m */,
				4FC2A38C16781AC500DC5D14 /* ViewController.h */,
				4FC2A38D16781AC500DC5D14 /* ViewController.m */,
				4FC2A38E16781AC500DC5D14 /* ViewController.xib */,
			);
			name = ViewDeck;
			sourceTree = "<group>";
		};
		4FC2A39F16781AD300DC5D14 /* DejalActivityView */ = {
			isa = PBXGroup;
			children = (
				4FC2A3A016781ADD00DC5D14 /* DejalActivityView.h */,
				4FC2A3A116781ADD00DC5D14 /* DejalActivityView.m */,
			);
			name = DejalActivityView;
			sourceTree = "<group>";
		};
		4FC2A3A316781AE800DC5D14 /* EGOPullToRefresh */ = {
			isa = PBXGroup;
			children = (
				4FC2A3A716781AFC00DC5D14 /* arrows */,
				4FC2A3A416781AF700DC5D14 /* EGORefreshTableHeaderView.h */,
				4FC2A3A516781AF700DC5D14 /* EGORefreshTableHeaderView.m */,
			);
			name = EGOPullToRefresh;
			sourceTree = "<group>";
		};
		4FC2A3A716781AFC00DC5D14 /* arrows */ = {
			isa = PBXGroup;
			children = (
				4F87B0D9169E31220029557C /* blackArrow.png */,
				4F87B0DA169E31220029557C /* blackArrow@2x.png */,
				4F87B0DB169E31220029557C /* blueArrow.png */,
				4F87B0DC169E31220029557C /* blueArrow@2x.png */,
				4FC2A3AC16781B0700DC5D14 /* grayArrow.png */,
				4FC2A3AD16781B0700DC5D14 /* grayArrow@2x.png */,
				4FC2A3AE16781B0700DC5D14 /* whiteArrow.png */,
				4FC2A3AF16781B0700DC5D14 /* whiteArrow@2x.png */,
			);
			name = arrows;
			sourceTree = "<group>";
		};
		4FD60C7616A1EBE50033074D /* shit */ = {
			isa = PBXGroup;
			children = (
				4FD60C7816A1EBF90033074D /* einstein.png */,
			);
			name = shit;
			sourceTree = "<group>";
		};
		4FF0F30816ACA9BC00F6E9EB /* Light */ = {
			isa = PBXGroup;
			children = (
				4FCE237016AD1C7500C53F02 /* article_bg.png */,
				4FCE237116AD1C7500C53F02 /* article_bg@2x.png */,
				4FCE237216AD1C7500C53F02 /* back_button.png */,
				4FCE237316AD1C7500C53F02 /* back_button@2x.png */,
				4FCE237416AD1C7500C53F02 /* button_selected_bg.png */,
				4FCE237516AD1C7500C53F02 /* button_selected_bg@2x.png */,
				4FCE237616AD1C7500C53F02 /* date_bg.png */,
				4FCE237716AD1C7500C53F02 /* date_bg@2x.png */,
				4FCE237816AD1C7500C53F02 /* menu_bg.png */,
				4FCE237916AD1C7500C53F02 /* menu_bg@2x.png */,
				4FCE237A16AD1C7500C53F02 /* menu_button.png */,
				4FCE237B16AD1C7500C53F02 /* menu_button@2x.png */,
				4FCE237C16AD1C7500C53F02 /* menu_icon_home.png */,
				4FCE237D16AD1C7500C53F02 /* menu_icon_home@2x.png */,
				4FCE237E16AD1C7500C53F02 /* menu_icon_library.png */,
				4FCE237F16AD1C7500C53F02 /* menu_icon_library@2x.png */,
				4FCE238016AD1C7500C53F02 /* menu_icon_profile.png */,
				4FCE238116AD1C7500C53F02 /* menu_icon_profile@2x.png */,
				4FCE238216AD1C7500C53F02 /* menu_icon_settings.png */,
				4FCE238316AD1C7500C53F02 /* menu_icon_settings@2x.png */,
				4FCE238416AD1C7500C53F02 /* menu_icon_starred.png */,
				4FCE238516AD1C7500C53F02 /* menu_icon_starred@2x.png */,
				4FCE238616AD1C7500C53F02 /* menu_icon_suggest.png */,
				4FCE238716AD1C7500C53F02 /* menu_icon_suggest@2x.png */,
				4FCE238816AD1C7500C53F02 /* menu_selected.png */,
				4FCE238916AD1C7500C53F02 /* menu_selected@2x.png */,
				4FCE238A16AD1C7500C53F02 /* menu_view_bg.png */,
				4FCE238B16AD1C7500C53F02 /* menu_view_bg@2x.png */,
				4FCE238C16AD1C7500C53F02 /* notifications_button.png */,
				4FCE238D16AD1C7500C53F02 /* notifications_button@2x.png */,
				4FCE238E16AD1C7500C53F02 /* papered_bg.png */,
				4FCE238F16AD1C7500C53F02 /* papered_bg@2x.png */,
				4FCE239016AD1C7500C53F02 /* social_bg.png */,
				4FCE239116AD1C7500C53F02 /* social_bg@2x.png */,
				4FCE239216AD1C7500C53F02 /* table_bottom_border.png */,
				4FCE239316AD1C7500C53F02 /* table_bottom_border@2x.png */,
				4FCE239416AD1C7500C53F02 /* table_button_selected.png */,
				4FCE239516AD1C7500C53F02 /* table_button_selected@2x.png */,
				4FCE239616AD1C7500C53F02 /* table_buttons.png */,
				4FCE239716AD1C7500C53F02 /* table_buttons@2x.png */,
				4FCE239816AD1C7500C53F02 /* table_go_arrow.png */,
				4FCE239916AD1C7500C53F02 /* table_go_arrow@2x.png */,
				4FCE239A16AD1C7500C53F02 /* table_top_border.png */,
				4FCE239B16AD1C7500C53F02 /* table_top_border@2x.png */,
				4FCE239C16AD1C7500C53F02 /* top_nav.png */,
				4FCE239D16AD1C7500C53F02 /* top_nav@2x.png */,
				4FCE239E16AD1C7500C53F02 /* topic_bg.png */,
				4FCE239F16AD1C7500C53F02 /* topic_bg@2x.png */,
				4FCE23A016AD1C7500C53F02 /* unread_indicator.png */,
				4FCE23A116AD1C7500C53F02 /* unread_indicator@2x.png */,
			);
			name = Light;
			sourceTree = "<group>";
		};
/* End PBXGroup section */

/* Begin PBXNativeTarget section */
		4FC2A31816781A2B00DC5D14 /* Hied */ = {
			isa = PBXNativeTarget;
			buildConfigurationList = 4FC2A33D16781A2B00DC5D14 /* Build configuration list for PBXNativeTarget "Hied" */;
			buildPhases = (
				4FC2A31516781A2B00DC5D14 /* Sources */,
				4FC2A31616781A2B00DC5D14 /* Frameworks */,
				4FC2A31716781A2B00DC5D14 /* Resources */,
			);
			buildRules = (
			);
			dependencies = (
			);
			name = Hied;
			productName = Hied;
			productReference = 4FC2A31916781A2B00DC5D14 /* Hied.app */;
			productType = "com.apple.product-type.application";
		};
/* End PBXNativeTarget section */

/* Begin PBXProject section */
		4FC2A31016781A2B00DC5D14 /* Project object */ = {
			isa = PBXProject;
			attributes = {
				CLASSPREFIX = VDT;
				LastUpgradeCheck = 0450;
				ORGANIZATIONNAME = KK;
			};
			buildConfigurationList = 4FC2A31316781A2B00DC5D14 /* Build configuration list for PBXProject "HIED" */;
			compatibilityVersion = "Xcode 3.2";
			developmentRegion = English;
			hasScannedForEncodings = 0;
			knownRegions = (
				en,
			);
			mainGroup = 4FC2A30E16781A2B00DC5D14;
			productRefGroup = 4FC2A31A16781A2B00DC5D14 /* Products */;
			projectDirPath = "";
			projectRoot = "";
			targets = (
				4FC2A31816781A2B00DC5D14 /* Hied */,
			);
		};
/* End PBXProject section */

/* Begin PBXResourcesBuildPhase section */
		4FC2A31716781A2B00DC5D14 /* Resources */ = {
			isa = PBXResourcesBuildPhase;
			buildActionMask = 2147483647;
			files = (
				4FC2A32816781A2B00DC5D14 /* InfoPlist.strings in Resources */,
				4FC2A33016781A2B00DC5D14 /* Default.png in Resources */,
				4FC2A33216781A2B00DC5D14 /* Default@2x.png in Resources */,
				4FC2A33416781A2B00DC5D14 /* Default-568h@2x.png in Resources */,
				4FC2A39016781AC500DC5D14 /* LeftViewController.xib in Resources */,
				4FC2A39416781AC500DC5D14 /* StarredViewController.xib in Resources */,
				4FC2A39816781AC500DC5D14 /* ProfileViewController.xib in Resources */,
				4FC2A39A16781AC500DC5D14 /* SettingsViewController.xib in Resources */,
				4FC2A39E16781AC500DC5D14 /* ViewController.xib in Resources */,
				4FC2A3B416781B0700DC5D14 /* grayArrow.png in Resources */,
				4FC2A3B516781B0700DC5D14 /* grayArrow@2x.png in Resources */,
				4FC2A3B616781B0700DC5D14 /* whiteArrow.png in Resources */,
				4FC2A3B716781B0700DC5D14 /* whiteArrow@2x.png in Resources */,
				4FDEED8516829F510019DE39 /* ScrollViewViewController.xib in Resources */,
				4FF979EC1688F88E00DAD71F /* LibraryViewController.xib in Resources */,
				4FF3D601168E8BEE006D6D65 /* WebViewController.xib in Resources */,
				4F0754D616911CAA00C28E63 /* HomeViewController.xib in Resources */,
				4F38E04B16914AC10040D089 /* Hied_icon_sepia.png in Resources */,
				4F87B0DD169E31220029557C /* blackArrow.png in Resources */,
				4F87B0DE169E31220029557C /* blackArrow@2x.png in Resources */,
				4F87B0DF169E31220029557C /* blueArrow.png in Resources */,
				4F87B0E0169E31220029557C /* blueArrow@2x.png in Resources */,
				4F87B0E4169E31CE0029557C /* hied_icon.png in Resources */,
				4F105045169F9E640099D3F7 /* HomeTableCell.xib in Resources */,
				4FD60C7916A1EBF90033074D /* einstein.png in Resources */,
				4FCE23A216AD1C7500C53F02 /* article_bg.png in Resources */,
				4FCE23A316AD1C7500C53F02 /* article_bg@2x.png in Resources */,
				4FCE23A416AD1C7500C53F02 /* back_button.png in Resources */,
				4FCE23A516AD1C7500C53F02 /* back_button@2x.png in Resources */,
				4FCE23A616AD1C7500C53F02 /* button_selected_bg.png in Resources */,
				4FCE23A716AD1C7500C53F02 /* button_selected_bg@2x.png in Resources */,
				4FCE23A816AD1C7500C53F02 /* date_bg.png in Resources */,
				4FCE23A916AD1C7500C53F02 /* date_bg@2x.png in Resources */,
				4FCE23AA16AD1C7500C53F02 /* menu_bg.png in Resources */,
				4FCE23AB16AD1C7500C53F02 /* menu_bg@2x.png in Resources */,
				4FCE23AC16AD1C7500C53F02 /* menu_button.png in Resources */,
				4FCE23AD16AD1C7500C53F02 /* menu_button@2x.png in Resources */,
				4FCE23AE16AD1C7500C53F02 /* menu_icon_home.png in Resources */,
				4FCE23AF16AD1C7500C53F02 /* menu_icon_home@2x.png in Resources */,
				4FCE23B016AD1C7500C53F02 /* menu_icon_library.png in Resources */,
				4FCE23B116AD1C7500C53F02 /* menu_icon_library@2x.png in Resources */,
				4FCE23B216AD1C7500C53F02 /* menu_icon_profile.png in Resources */,
				4FCE23B316AD1C7500C53F02 /* menu_icon_profile@2x.png in Resources */,
				4FCE23B416AD1C7500C53F02 /* menu_icon_settings.png in Resources */,
				4FCE23B516AD1C7500C53F02 /* menu_icon_settings@2x.png in Resources */,
				4FCE23B616AD1C7500C53F02 /* menu_icon_starred.png in Resources */,
				4FCE23B716AD1C7500C53F02 /* menu_icon_starred@2x.png in Resources */,
				4FCE23B816AD1C7500C53F02 /* menu_icon_suggest.png in Resources */,
				4FCE23B916AD1C7500C53F02 /* menu_icon_suggest@2x.png in Resources */,
				4FCE23BA16AD1C7500C53F02 /* menu_selected.png in Resources */,
				4FCE23BB16AD1C7500C53F02 /* menu_selected@2x.png in Resources */,
				4FCE23BC16AD1C7500C53F02 /* menu_view_bg.png in Resources */,
				4FCE23BD16AD1C7500C53F02 /* menu_view_bg@2x.png in Resources */,
				4FCE23BE16AD1C7500C53F02 /* notifications_button.png in Resources */,
				4FCE23BF16AD1C7500C53F02 /* notifications_button@2x.png in Resources */,
				4FCE23C016AD1C7500C53F02 /* papered_bg.png in Resources */,
				4FCE23C116AD1C7500C53F02 /* papered_bg@2x.png in Resources */,
				4FCE23C216AD1C7500C53F02 /* social_bg.png in Resources */,
				4FCE23C316AD1C7500C53F02 /* social_bg@2x.png in Resources */,
				4FCE23C416AD1C7500C53F02 /* table_bottom_border.png in Resources */,
				4FCE23C516AD1C7500C53F02 /* table_bottom_border@2x.png in Resources */,
				4FCE23C616AD1C7500C53F02 /* table_button_selected.png in Resources */,
				4FCE23C716AD1C7500C53F02 /* table_button_selected@2x.png in Resources */,
				4FCE23C816AD1C7500C53F02 /* table_buttons.png in Resources */,
				4FCE23C916AD1C7500C53F02 /* table_buttons@2x.png in Resources */,
				4FCE23CA16AD1C7500C53F02 /* table_go_arrow.png in Resources */,
				4FCE23CB16AD1C7500C53F02 /* table_go_arrow@2x.png in Resources */,
				4FCE23CC16AD1C7500C53F02 /* table_top_border.png in Resources */,
				4FCE23CD16AD1C7500C53F02 /* table_top_border@2x.png in Resources */,
				4FCE23CE16AD1C7500C53F02 /* top_nav.png in Resources */,
				4FCE23CF16AD1C7500C53F02 /* top_nav@2x.png in Resources */,
				4FCE23D016AD1C7500C53F02 /* topic_bg.png in Resources */,
				4FCE23D116AD1C7500C53F02 /* topic_bg@2x.png in Resources */,
				4FCE23D216AD1C7500C53F02 /* unread_indicator.png in Resources */,
				4FCE23D316AD1C7500C53F02 /* unread_indicator@2x.png in Resources */,
			);
			runOnlyForDeploymentPostprocessing = 0;
		};
/* End PBXResourcesBuildPhase section */

/* Begin PBXSourcesBuildPhase section */
		4FC2A31516781A2B00DC5D14 /* Sources */ = {
			isa = PBXSourcesBuildPhase;
			buildActionMask = 2147483647;
			files = (
				4FC2A32A16781A2B00DC5D14 /* main.m in Sources */,
				4FC2A34B16781A5B00DC5D14 /* AppDelegate.m in Sources */,
				4FC2A38F16781AC500DC5D14 /* LeftViewController.m in Sources */,
				4FC2A39316781AC500DC5D14 /* StarredViewController.m in Sources */,
				4FC2A39716781AC500DC5D14 /* ProfileViewController.m in Sources */,
				4FC2A39916781AC500DC5D14 /* SettingsViewController.m in Sources */,
				4FC2A39B16781AC500DC5D14 /* IIViewDeckController.m in Sources */,
				4FC2A39C16781AC500DC5D14 /* WrapController.m in Sources */,
				4FC2A39D16781AC500DC5D14 /* ViewController.m in Sources */,
				4FC2A3A216781ADD00DC5D14 /* DejalActivityView.m in Sources */,
				4FC2A3A616781AF700DC5D14 /* EGORefreshTableHeaderView.m in Sources */,
				4FDEED8416829F510019DE39 /* ScrollViewViewController.m in Sources */,
				4FF979EB1688F88E00DAD71F /* LibraryViewController.m in Sources */,
				4FF3D600168E8BEE006D6D65 /* WebViewController.m in Sources */,
				4F0754D516911CAA00C28E63 /* HomeViewController.m in Sources */,
				4F105048169F9FCF0099D3F7 /* HomeTableCell.m in Sources */,
			);
			runOnlyForDeploymentPostprocessing = 0;
		};
/* End PBXSourcesBuildPhase section */

/* Begin PBXVariantGroup section */
		4FC2A32616781A2B00DC5D14 /* InfoPlist.strings */ = {
			isa = PBXVariantGroup;
			children = (
				4FC2A32716781A2B00DC5D14 /* en */,
			);
			name = InfoPlist.strings;
			sourceTree = "<group>";
		};
/* End PBXVariantGroup section */

/* Begin XCBuildConfiguration section */
		4FC2A33B16781A2B00DC5D14 /* Debug */ = {
			isa = XCBuildConfiguration;
			buildSettings = {
				ALWAYS_SEARCH_USER_PATHS = NO;
				CLANG_CXX_LANGUAGE_STANDARD = "gnu++0x";
				CLANG_CXX_LIBRARY = "libc++";
				CLANG_ENABLE_OBJC_ARC = YES;
				CLANG_WARN_EMPTY_BODY = YES;
				CLANG_WARN__DUPLICATE_METHOD_MATCH = YES;
				CODE_SIGN_IDENTITY = "iPhone Developer";
				"CODE_SIGN_IDENTITY[sdk=iphoneos*]" = "iPhone Developer";
				COPY_PHASE_STRIP = NO;
				GCC_C_LANGUAGE_STANDARD = gnu99;
				GCC_DYNAMIC_NO_PIC = NO;
				GCC_OPTIMIZATION_LEVEL = 0;
				GCC_PREPROCESSOR_DEFINITIONS = (
					"DEBUG=1",
					"$(inherited)",
				);
				GCC_SYMBOLS_PRIVATE_EXTERN = NO;
				GCC_WARN_ABOUT_RETURN_TYPE = YES;
				GCC_WARN_UNINITIALIZED_AUTOS = YES;
				GCC_WARN_UNUSED_VARIABLE = YES;
				IPHONEOS_DEPLOYMENT_TARGET = 6.0;
				ONLY_ACTIVE_ARCH = NO;
				PROVISIONING_PROFILE = "";
				"PROVISIONING_PROFILE[sdk=iphoneos*]" = "";
				SDKROOT = iphoneos;
			};
			name = Debug;
		};
		4FC2A33C16781A2B00DC5D14 /* Release */ = {
			isa = XCBuildConfiguration;
			buildSettings = {
				ALWAYS_SEARCH_USER_PATHS = NO;
				CLANG_CXX_LANGUAGE_STANDARD = "gnu++0x";
				CLANG_CXX_LIBRARY = "libc++";
				CLANG_ENABLE_OBJC_ARC = YES;
				CLANG_WARN_EMPTY_BODY = YES;
				CLANG_WARN__DUPLICATE_METHOD_MATCH = YES;
				CODE_SIGN_IDENTITY = "iPhone Developer";
				"CODE_SIGN_IDENTITY[sdk=iphoneos*]" = "iPhone Developer";
				COPY_PHASE_STRIP = YES;
				GCC_C_LANGUAGE_STANDARD = gnu99;
				GCC_WARN_ABOUT_RETURN_TYPE = YES;
				GCC_WARN_UNINITIALIZED_AUTOS = YES;
				GCC_WARN_UNUSED_VARIABLE = YES;
				IPHONEOS_DEPLOYMENT_TARGET = 6.0;
				OTHER_CFLAGS = "-DNS_BLOCK_ASSERTIONS=1";
				PROVISIONING_PROFILE = "";
				"PROVISIONING_PROFILE[sdk=iphoneos*]" = "";
				SDKROOT = iphoneos;
				VALIDATE_PRODUCT = YES;
			};
			name = Release;
		};
		4FC2A33E16781A2B00DC5D14 /* Debug */ = {
			isa = XCBuildConfiguration;
			buildSettings = {
				CODE_SIGN_IDENTITY = "iPhone Developer";
				"CODE_SIGN_IDENTITY[sdk=iphoneos*]" = "iPhone Developer";
				GCC_PRECOMPILE_PREFIX_HEADER = YES;
				GCC_PREFIX_HEADER = "Hied/Hied-Prefix.pch";
				INFOPLIST_FILE = "Hied/Hied-Info.plist";
				IPHONEOS_DEPLOYMENT_TARGET = 5.1;
				ONLY_ACTIVE_ARCH = NO;
				PRODUCT_NAME = "$(TARGET_NAME)";
				PROVISIONING_PROFILE = "";
				"PROVISIONING_PROFILE[sdk=iphoneos*]" = "";
				WRAPPER_EXTENSION = app;
			};
			name = Debug;
		};
		4FC2A33F16781A2B00DC5D14 /* Release */ = {
			isa = XCBuildConfiguration;
			buildSettings = {
				CODE_SIGN_IDENTITY = "iPhone Developer";
				"CODE_SIGN_IDENTITY[sdk=iphoneos*]" = "iPhone Developer";
				GCC_PRECOMPILE_PREFIX_HEADER = YES;
				GCC_PREFIX_HEADER = "Hied/Hied-Prefix.pch";
				INFOPLIST_FILE = "Hied/Hied-Info.plist";
				IPHONEOS_DEPLOYMENT_TARGET = 5.1;
				PRODUCT_NAME = "$(TARGET_NAME)";
				PROVISIONING_PROFILE = "";
				"PROVISIONING_PROFILE[sdk=iphoneos*]" = "";
				WRAPPER_EXTENSION = app;
			};
			name = Release;
		};
/* End XCBuildConfiguration section */

/* Begin XCConfigurationList section */
		4FC2A31316781A2B00DC5D14 /* Build configuration list for PBXProject "HIED" */ = {
			isa = XCConfigurationList;
			buildConfigurations = (
				4FC2A33B16781A2B00DC5D14 /* Debug */,
				4FC2A33C16781A2B00DC5D14 /* Release */,
			);
			defaultConfigurationIsVisible = 0;
			defaultConfigurationName = Release;
		};
		4FC2A33D16781A2B00DC5D14 /* Build configuration list for PBXNativeTarget "Hied" */ = {
			isa = XCConfigurationList;
			buildConfigurations = (
				4FC2A33E16781A2B00DC5D14 /* Debug */,
				4FC2A33F16781A2B00DC5D14 /* Release */,
			);
			defaultConfigurationIsVisible = 0;
			defaultConfigurationName = Release;
		};
/* End XCConfigurationList section */
	};
	rootObject = 4FC2A31016781A2B00DC5D14 /* Project object */;
}
